# THIS IS AN AUTOGENERATED FILE. DO NOT EDIT THIS FILE DIRECTLY.
# yarn lockfile v1


find-versions@5.0.0:
  version "5.0.0"
  resolved "https://registry.yarnpkg.com/find-versions/-/find-versions-5.0.0.tgz#3e088dbc5083162c86fb36dbd7b84d64b9ee1e45"
  integrity sha512-Jid3bdamPSNTb7r28PItNl/wm8frLj7NgEztJXK8UftodFRlynojEvUo4dyr5ftgfqgGhCF6DWaiJVFbpX3uPA==
  dependencies:
    semver-regex "^4.0.0"

semver-regex@^4.0.0:
  version "4.0.1"
  resolved "https://registry.yarnpkg.com/semver-regex/-/semver-regex-4.0.1.tgz#b13d2ea2f7f2328f838edd99542796304a8e2dc6"
  integrity sha512-cByCq+HYEpHMMx5oys/YqkUnUfVf4HHnG3a65rXZQgSVpnUSE68dD3FFowDL7q2KqUjxBTc3iDEJ7/qPsRXe1Q==
