# THIS IS AN AUTOGENERATED FILE. DO NOT EDIT THIS FILE DIRECTLY.
# yarn lockfile v1


array-uniq@^1.0.0:
  version "1.0.3"
  resolved "https://registry.yarnpkg.com/array-uniq/-/array-uniq-1.0.3.tgz#af6ac877a25cc7f74e058894753858dfdb24fdb6"

find-versions@1.0.0:
  version "1.0.0"
  resolved "https://registry.yarnpkg.com/find-versions/-/find-versions-1.0.0.tgz#3b638b7070b04f2e68b4ca887014c7b9b8dc7011"
  dependencies:
    array-uniq "^1.0.0"
    get-stdin "^1.0.0"
    minimist "^1.1.0"
    semver-regex "^1.0.0"

get-stdin@^1.0.0:
  version "1.0.0"
  resolved "https://registry.yarnpkg.com/get-stdin/-/get-stdin-1.0.0.tgz#00bd5a494c81c372f5629bea103bbffe7a1da3ce"

minimist@^1.1.0:
  version "1.2.0"
  resolved "https://registry.yarnpkg.com/minimist/-/minimist-1.2.0.tgz#a35008b20f41383eec1fb914f4cd5df79a264284"

semver-regex@^1.0.0:
  version "1.0.0"
  resolved "https://registry.yarnpkg.com/semver-regex/-/semver-regex-1.0.0.tgz#92a4969065f9c70c694753d55248fc68f8f652c9"
